
Microsoft Visual Studio Solution File, Format Version 12.00
# Visual Studio Version 16
VisualStudioVersion = 16.0.31729.503
MinimumVisualStudioVersion = 10.0.40219.1
Project("{8BC9CEB8-8B4A-11D0-8D11-00A0C91BC942}") = "RocketGroundComProtol", "RocketGroundComProtol.vcxproj", "{C568EF84-AA10-45FD-9337-33F481B08673}"
EndProject
Global
	GlobalSection(SolutionConfigurationPlatforms) = preSolution
		Debug|x64 = Debug|x64
		Release|x64 = Release|x64
	EndGlobalSection
	GlobalSection(ProjectConfigurationPlatforms) = postSolution
		{C568EF84-AA10-45FD-9337-33F481B08673}.Debug|x64.ActiveCfg = Debug|x64
		{C568EF84-AA10-45FD-9337-33F481B08673}.Debug|x64.Build.0 = Debug|x64
		{C568EF84-AA10-45FD-9337-33F481B08673}.Release|x64.ActiveCfg = Release|x64
		{C568EF84-AA10-45FD-9337-33F481B08673}.Release|x64.Build.0 = Release|x64
	EndGlobalSection
	GlobalSection(SolutionProperties) = preSolution
		HideSolutionNode = FALSE
	EndGlobalSection
	GlobalSection(ExtensibilityGlobals) = postSolution
		SolutionGuid = {283EB054-C877-4F1F-AB43-5E010C8CA700}
	EndGlobalSection
EndGlobal
